
Microsoft Visual Studio Solution File, Format Version 12.00
# Visual Studio 15
VisualStudioVersion = 15.0.26228.9
MinimumVisualStudioVersion = 10.0.40219.1
Project("{FAE04EC0-301F-11D3-BF4B-00C04F79EFBC}") = "game-shop-backend", "game-shop-backend\game-shop-backend.csproj", "{F6A6C968-834F-4C9C-9642-AA9092DAB3DD}"
EndProject
Global
	GlobalSection(SolutionConfigurationPlatforms) = preSolution
		Debug|Any CPU = Debug|Any CPU
		Release|Any CPU = Release|Any CPU
	EndGlobalSection
	GlobalSection(ProjectConfigurationPlatforms) = postSolution
		{F6A6C968-834F-4C9C-9642-AA9092DAB3DD}.Debug|Any CPU.ActiveCfg = Debug|Any CPU
		{F6A6C968-834F-4C9C-9642-AA9092DAB3DD}.Debug|Any CPU.Build.0 = Debug|Any CPU
		{F6A6C968-834F-4C9C-9642-AA9092DAB3DD}.Release|Any CPU.ActiveCfg = Release|Any CPU
		{F6A6C968-834F-4C9C-9642-AA9092DAB3DD}.Release|Any CPU.Build.0 = Release|Any CPU
	EndGlobalSection
	GlobalSection(SolutionProperties) = preSolution
		HideSolutionNode = FALSE
	EndGlobalSection
EndGlobal
